
Microsoft Visual Studio Solution File, Format Version 12.00
# Visual Studio Version 17
VisualStudioVersion = 17.9.34607.119
MinimumVisualStudioVersion = 10.0.40219.1
Project("{8BC9CEB8-8B4A-11D0-8D11-00A0C91BC942}") = "DZ_22", "DZ_22\DZ_22.vcxproj", "{408EAB97-AB7A-4016-8BD3-37F34B2A64AA}"
EndProject
Global
	GlobalSection(SolutionConfigurationPlatforms) = preSolution
		Debug|x64 = Debug|x64
		Debug|x86 = Debug|x86
		Release|x64 = Release|x64
		Release|x86 = Release|x86
	EndGlobalSection
	GlobalSection(ProjectConfigurationPlatforms) = postSolution
		{408EAB97-AB7A-4016-8BD3-37F34B2A64AA}.Debug|x64.ActiveCfg = Debug|x64
		{408EAB97-AB7A-4016-8BD3-37F34B2A64AA}.Debug|x64.Build.0 = Debug|x64
		{408EAB97-AB7A-4016-8BD3-37F34B2A64AA}.Debug|x86.ActiveCfg = Debug|Win32
		{408EAB97-AB7A-4016-8BD3-37F34B2A64AA}.Debug|x86.Build.0 = Debug|Win32
		{408EAB97-AB7A-4016-8BD3-37F34B2A64AA}.Release|x64.ActiveCfg = Release|x64
		{408EAB97-AB7A-4016-8BD3-37F34B2A64AA}.Release|x64.Build.0 = Release|x64
		{408EAB97-AB7A-4016-8BD3-37F34B2A64AA}.Release|x86.ActiveCfg = Release|Win32
		{408EAB97-AB7A-4016-8BD3-37F34B2A64AA}.Release|x86.Build.0 = Release|Win32
	EndGlobalSection
	GlobalSection(SolutionProperties) = preSolution
		HideSolutionNode = FALSE
	EndGlobalSection
	GlobalSection(ExtensibilityGlobals) = postSolution
		SolutionGuid = {52BCF374-0C50-4228-840F-F167EE9E85E7}
	EndGlobalSection
EndGlobal
